
Microsoft Visual Studio Solution File, Format Version 12.00
# Visual Studio Version 16
VisualStudioVersion = 16.0.29418.71
MinimumVisualStudioVersion = 10.0.40219.1
Project("{8BC9CEB8-8B4A-11D0-8D11-00A0C91BC942}") = "Kmeyer_Lab1", "Kmeyer_Lab1.vcxproj", "{4D790E40-D2B9-4C0D-B308-9367548AD213}"
EndProject
Global
	GlobalSection(SolutionConfigurationPlatforms) = preSolution
		Debug|x64 = Debug|x64
		Debug|x86 = Debug|x86
		Release|x64 = Release|x64
		Release|x86 = Release|x86
	EndGlobalSection
	GlobalSection(ProjectConfigurationPlatforms) = postSolution
		{4D790E40-D2B9-4C0D-B308-9367548AD213}.Debug|x64.ActiveCfg = Debug|x64
		{4D790E40-D2B9-4C0D-B308-9367548AD213}.Debug|x64.Build.0 = Debug|x64
		{4D790E40-D2B9-4C0D-B308-9367548AD213}.Debug|x86.ActiveCfg = Debug|Win32
		{4D790E40-D2B9-4C0D-B308-9367548AD213}.Debug|x86.Build.0 = Debug|Win32
		{4D790E40-D2B9-4C0D-B308-9367548AD213}.Release|x64.ActiveCfg = Release|x64
		{4D790E40-D2B9-4C0D-B308-9367548AD213}.Release|x64.Build.0 = Release|x64
		{4D790E40-D2B9-4C0D-B308-9367548AD213}.Release|x86.ActiveCfg = Release|Win32
		{4D790E40-D2B9-4C0D-B308-9367548AD213}.Release|x86.Build.0 = Release|Win32
	EndGlobalSection
	GlobalSection(SolutionProperties) = preSolution
		HideSolutionNode = FALSE
	EndGlobalSection
	GlobalSection(ExtensibilityGlobals) = postSolution
		SolutionGuid = {C414A0F0-9E3B-4B5E-86E6-311CE46B8B50}
	EndGlobalSection
EndGlobal
